// !$*UTF8*$!
{
	archiveVersion = 1;
	classes = {
	};
	objectVersion = 48;
	objects = {

/* Begin PBXBuildFile section */
		4B769D6A5249BCDA2C0EF8AD /* Pods_Eco_TrackerTests.framework in Frameworks */ = {isa = PBXBuildFile; fileRef = 52E176F0BC9D8F3F38229C0E /* Pods_Eco_TrackerTests.framework */; };
		84129A901FD65F6E0071C911 /* ScannerViewController.swift in Sources */ = {isa = PBXBuildFile; fileRef = 84129A8F1FD65F6E0071C911 /* ScannerViewController.swift */; };
		847F42351FCD208600565E0D /* AppDelegate.swift in Sources */ = {isa = PBXBuildFile; fileRef = 847F42341FCD208600565E0D /* AppDelegate.swift */; };
		847F42371FCD208600565E0D /* ViewController.swift in Sources */ = {isa = PBXBuildFile; fileRef = 847F42361FCD208600565E0D /* ViewController.swift */; };
		847F423A1FCD208600565E0D /* Main.storyboard in Resources */ = {isa = PBXBuildFile; fileRef = 847F42381FCD208600565E0D /* Main.storyboard */; };
		847F423C1FCD208700565E0D /* Assets.xcassets in Resources */ = {isa = PBXBuildFile; fileRef = 847F423B1FCD208700565E0D /* Assets.xcassets */; };
		847F423F1FCD208700565E0D /* LaunchScreen.storyboard in Resources */ = {isa = PBXBuildFile; fileRef = 847F423D1FCD208700565E0D /* LaunchScreen.storyboard */; };
		847F424A1FCD208700565E0D /* Eco_TrackerTests.swift in Sources */ = {isa = PBXBuildFile; fileRef = 847F42491FCD208700565E0D /* Eco_TrackerTests.swift */; };
		847F42551FCD208700565E0D /* Eco_TrackerUITests.swift in Sources */ = {isa = PBXBuildFile; fileRef = 847F42541FCD208700565E0D /* Eco_TrackerUITests.swift */; };
		847F42661FCD2B9500565E0D /* RecycleViewController.swift in Sources */ = {isa = PBXBuildFile; fileRef = 847F42651FCD2B9500565E0D /* RecycleViewController.swift */; };
		848AD92E1FD6F31500FEB4F2 /* GoogleService-Info.plist in Resources */ = {isa = PBXBuildFile; fileRef = 848AD92D1FD6F31500FEB4F2 /* GoogleService-Info.plist */; };
		84A4AB571FDDC4D100F7AF22 /* User.swift in Sources */ = {isa = PBXBuildFile; fileRef = 84A4AB561FDDC4D100F7AF22 /* User.swift */; };
		84A4AB591FDDD01400F7AF22 /* ProductViewController.swift in Sources */ = {isa = PBXBuildFile; fileRef = 84A4AB581FDDD01400F7AF22 /* ProductViewController.swift */; };
		84DAC4301FDE2B240058AB77 /* ProductPage.swift in Sources */ = {isa = PBXBuildFile; fileRef = 84DAC42F1FDE2B240058AB77 /* ProductPage.swift */; };
		9569FD4A22CB81D6BF3B9E2B /* Pods_Eco_TrackerUITests.framework in Frameworks */ = {isa = PBXBuildFile; fileRef = D62870BFD7AF72281964ACDF /* Pods_Eco_TrackerUITests.framework */; };
		9AF12D02218F77B2B38D5947 /* Pods_Eco_Tracker.framework in Frameworks */ = {isa = PBXBuildFile; fileRef = D86A891E7186193B3D36E1E8 /* Pods_Eco_Tracker.framework */; };
/* End PBXBuildFile section */

/* Begin PBXContainerItemProxy section */
		847F42461FCD208700565E0D /* PBXContainerItemProxy */ = {
			isa = PBXContainerItemProxy;
			containerPortal = 847F42291FCD208600565E0D /* Project object */;
			proxyType = 1;
			remoteGlobalIDString = 847F42301FCD208600565E0D;
			remoteInfo = "Eco-Tracker";
		};
		847F42511FCD208700565E0D /* PBXContainerItemProxy */ = {
			isa = PBXContainerItemProxy;
			containerPortal = 847F42291FCD208600565E0D /* Project object */;
			proxyType = 1;
			remoteGlobalIDString = 847F42301FCD208600565E0D;
			remoteInfo = "Eco-Tracker";
		};
/* End PBXContainerItemProxy section */

/* Begin PBXFileReference section */
		1263F7913B96E1AD4608D95E /* Pods-Eco-TrackerTests.debug.xcconfig */ = {isa = PBXFileReference; includeInIndex = 1; lastKnownFileType = text.xcconfig; name = "Pods-Eco-TrackerTests.debug.xcconfig"; path = "Pods/Target Support Files/Pods-Eco-TrackerTests/Pods-Eco-TrackerTests.debug.xcconfig"; sourceTree = "<group>"; };
		327A97AD83443E4AC7E501BA /* Pods-Eco-Tracker.release.xcconfig */ = {isa = PBXFileReference; includeInIndex = 1; lastKnownFileType = text.xcconfig; name = "Pods-Eco-Tracker.release.xcconfig"; path = "Pods/Target Support Files/Pods-Eco-Tracker/Pods-Eco-Tracker.release.xcconfig"; sourceTree = "<group>"; };
		37C000780294BDB4023E7DE2 /* Pods-Eco-TrackerUITests.release.xcconfig */ = {isa = PBXFileReference; includeInIndex = 1; lastKnownFileType = text.xcconfig; name = "Pods-Eco-TrackerUITests.release.xcconfig"; path = "Pods/Target Support Files/Pods-Eco-TrackerUITests/Pods-Eco-TrackerUITests.release.xcconfig"; sourceTree = "<group>"; };
		52E176F0BC9D8F3F38229C0E /* Pods_Eco_TrackerTests.framework */ = {isa = PBXFileReference; explicitFileType = wrapper.framework; includeInIndex = 0; path = Pods_Eco_TrackerTests.framework; sourceTree = BUILT_PRODUCTS_DIR; };
		538D48F0DC65F5685F15119E /* Pods-Eco-TrackerUITests.debug.xcconfig */ = {isa = PBXFileReference; includeInIndex = 1; lastKnownFileType = text.xcconfig; name = "Pods-Eco-TrackerUITests.debug.xcconfig"; path = "Pods/Target Support Files/Pods-Eco-TrackerUITests/Pods-Eco-TrackerUITests.debug.xcconfig"; sourceTree = "<group>"; };
		6F8F06D533380845321F4789 /* Pods-Eco-TrackerTests.release.xcconfig */ = {isa = PBXFileReference; includeInIndex = 1; lastKnownFileType = text.xcconfig; name = "Pods-Eco-TrackerTests.release.xcconfig"; path = "Pods/Target Support Files/Pods-Eco-TrackerTests/Pods-Eco-TrackerTests.release.xcconfig"; sourceTree = "<group>"; };
		84129A8F1FD65F6E0071C911 /* ScannerViewController.swift */ = {isa = PBXFileReference; lastKnownFileType = sourcecode.swift; path = ScannerViewController.swift; sourceTree = "<group>"; };
		847F42311FCD208600565E0D /* Eco-Tracker.app */ = {isa = PBXFileReference; explicitFileType = wrapper.application; includeInIndex = 0; path = "Eco-Tracker.app"; sourceTree = BUILT_PRODUCTS_DIR; };
		847F42341FCD208600565E0D /* AppDelegate.swift */ = {isa = PBXFileReference; lastKnownFileType = sourcecode.swift; path = AppDelegate.swift; sourceTree = "<group>"; };
		847F42361FCD208600565E0D /* ViewController.swift */ = {isa = PBXFileReference; lastKnownFileType = sourcecode.swift; path = ViewController.swift; sourceTree = "<group>"; };
		847F42391FCD208600565E0D /* Base */ = {isa = PBXFileReference; lastKnownFileType = file.storyboard; name = Base; path = Base.lproj/Main.storyboard; sourceTree = "<group>"; };
		847F423B1FCD208700565E0D /* Assets.xcassets */ = {isa = PBXFileReference; lastKnownFileType = folder.assetcatalog; path = Assets.xcassets; sourceTree = "<group>"; };
		847F423E1FCD208700565E0D /* Base */ = {isa = PBXFileReference; lastKnownFileType = file.storyboard; name = Base; path = Base.lproj/LaunchScreen.storyboard; sourceTree = "<group>"; };
		847F42401FCD208700565E0D /* Info.plist */ = {isa = PBXFileReference; lastKnownFileType = text.plist.xml; path = Info.plist; sourceTree = "<group>"; };
		847F42451FCD208700565E0D /* Eco-TrackerTests.xctest */ = {isa = PBXFileReference; explicitFileType = wrapper.cfbundle; includeInIndex = 0; path = "Eco-TrackerTests.xctest"; sourceTree = BUILT_PRODUCTS_DIR; };
		847F42491FCD208700565E0D /* Eco_TrackerTests.swift */ = {isa = PBXFileReference; lastKnownFileType = sourcecode.swift; path = Eco_TrackerTests.swift; sourceTree = "<group>"; };
		847F424B1FCD208700565E0D /* Info.plist */ = {isa = PBXFileReference; lastKnownFileType = text.plist.xml; path = Info.plist; sourceTree = "<group>"; };
		847F42501FCD208700565E0D /* Eco-TrackerUITests.xctest */ = {isa = PBXFileReference; explicitFileType = wrapper.cfbundle; includeInIndex = 0; path = "Eco-TrackerUITests.xctest"; sourceTree = BUILT_PRODUCTS_DIR; };
		847F42541FCD208700565E0D /* Eco_TrackerUITests.swift */ = {isa = PBXFileReference; lastKnownFileType = sourcecode.swift; path = Eco_TrackerUITests.swift; sourceTree = "<group>"; };
		847F42561FCD208700565E0D /* Info.plist */ = {isa = PBXFileReference; lastKnownFileType = text.plist.xml; path = Info.plist; sourceTree = "<group>"; };
		847F42651FCD2B9500565E0D /* RecycleViewController.swift */ = {isa = PBXFileReference; lastKnownFileType = sourcecode.swift; path = RecycleViewController.swift; sourceTree = "<group>"; };
		848AD92D1FD6F31500FEB4F2 /* GoogleService-Info.plist */ = {isa = PBXFileReference; fileEncoding = 4; lastKnownFileType = text.plist.xml; path = "GoogleService-Info.plist"; sourceTree = "<group>"; };
		84A4AB561FDDC4D100F7AF22 /* User.swift */ = {isa = PBXFileReference; lastKnownFileType = sourcecode.swift; path = User.swift; sourceTree = "<group>"; };
		84A4AB581FDDD01400F7AF22 /* ProductViewController.swift */ = {isa = PBXFileReference; lastKnownFileType = sourcecode.swift; path = ProductViewController.swift; sourceTree = "<group>"; };
		84DAC42F1FDE2B240058AB77 /* ProductPage.swift */ = {isa = PBXFileReference; lastKnownFileType = sourcecode.swift; path = ProductPage.swift; sourceTree = "<group>"; };
		D62870BFD7AF72281964ACDF /* Pods_Eco_TrackerUITests.framework */ = {isa = PBXFileReference; explicitFileType = wrapper.framework; includeInIndex = 0; path = Pods_Eco_TrackerUITests.framework; sourceTree = BUILT_PRODUCTS_DIR; };
		D86A891E7186193B3D36E1E8 /* Pods_Eco_Tracker.framework */ = {isa = PBXFileReference; explicitFileType = wrapper.framework; includeInIndex = 0; path = Pods_Eco_Tracker.framework; sourceTree = BUILT_PRODUCTS_DIR; };
		F7F31A027F9F9495E3875466 /* Pods-Eco-Tracker.debug.xcconfig */ = {isa = PBXFileReference; includeInIndex = 1; lastKnownFileType = text.xcconfig; name = "Pods-Eco-Tracker.debug.xcconfig"; path = "Pods/Target Support Files/Pods-Eco-Tracker/Pods-Eco-Tracker.debug.xcconfig"; sourceTree = "<group>"; };
/* End PBXFileReference section */

/* Begin PBXFrameworksBuildPhase section */
		847F422E1FCD208600565E0D /* Frameworks */ = {
			isa = PBXFrameworksBuildPhase;
			buildActionMask = 2147483647;
			files = (
				9AF12D02218F77B2B38D5947 /* Pods_Eco_Tracker.framework in Frameworks */,
			);
			runOnlyForDeploymentPostprocessing = 0;
		};
		847F42421FCD208700565E0D /* Frameworks */ = {
			isa = PBXFrameworksBuildPhase;
			buildActionMask = 2147483647;
			files = (
				4B769D6A5249BCDA2C0EF8AD /* Pods_Eco_TrackerTests.framework in Frameworks */,
			);
			runOnlyForDeploymentPostprocessing = 0;
		};
		847F424D1FCD208700565E0D /* Frameworks */ = {
			isa = PBXFrameworksBuildPhase;
			buildActionMask = 2147483647;
			files = (
				9569FD4A22CB81D6BF3B9E2B /* Pods_Eco_TrackerUITests.framework in Frameworks */,
			);
			runOnlyForDeploymentPostprocessing = 0;
		};
/* End PBXFrameworksBuildPhase section */

/* Begin PBXGroup section */
		6C4D64B4B695FA5CB90E2AB5 /* Frameworks */ = {
			isa = PBXGroup;
			children = (
				D86A891E7186193B3D36E1E8 /* Pods_Eco_Tracker.framework */,
				52E176F0BC9D8F3F38229C0E /* Pods_Eco_TrackerTests.framework */,
				D62870BFD7AF72281964ACDF /* Pods_Eco_TrackerUITests.framework */,
			);
			name = Frameworks;
			sourceTree = "<group>";
		};
		847F42281FCD208600565E0D = {
			isa = PBXGroup;
			children = (
				847F42331FCD208600565E0D /* Eco-Tracker */,
				847F42481FCD208700565E0D /* Eco-TrackerTests */,
				847F42531FCD208700565E0D /* Eco-TrackerUITests */,
				847F42321FCD208600565E0D /* Products */,
				8A9C26038FBE2FB0B25010CC /* Pods */,
				6C4D64B4B695FA5CB90E2AB5 /* Frameworks */,
			);
			sourceTree = "<group>";
		};
		847F42321FCD208600565E0D /* Products */ = {
			isa = PBXGroup;
			children = (
				847F42311FCD208600565E0D /* Eco-Tracker.app */,
				847F42451FCD208700565E0D /* Eco-TrackerTests.xctest */,
				847F42501FCD208700565E0D /* Eco-TrackerUITests.xctest */,
			);
			name = Products;
			sourceTree = "<group>";
		};
		847F42331FCD208600565E0D /* Eco-Tracker */ = {
			isa = PBXGroup;
			children = (
				84A4AB551FDDC49800F7AF22 /* Model */,
				847F42651FCD2B9500565E0D /* RecycleViewController.swift */,
				847F42341FCD208600565E0D /* AppDelegate.swift */,
				847F42361FCD208600565E0D /* ViewController.swift */,
				84A4AB581FDDD01400F7AF22 /* ProductViewController.swift */,
				847F42381FCD208600565E0D /* Main.storyboard */,
				84129A8F1FD65F6E0071C911 /* ScannerViewController.swift */,
				847F423B1FCD208700565E0D /* Assets.xcassets */,
				847F423D1FCD208700565E0D /* LaunchScreen.storyboard */,
				848AD92D1FD6F31500FEB4F2 /* GoogleService-Info.plist */,
				847F42401FCD208700565E0D /* Info.plist */,
			);
			path = "Eco-Tracker";
			sourceTree = "<group>";
		};
		847F42481FCD208700565E0D /* Eco-TrackerTests */ = {
			isa = PBXGroup;
			children = (
				847F42491FCD208700565E0D /* Eco_TrackerTests.swift */,
				847F424B1FCD208700565E0D /* Info.plist */,
			);
			path = "Eco-TrackerTests";
			sourceTree = "<group>";
		};
		847F42531FCD208700565E0D /* Eco-TrackerUITests */ = {
			isa = PBXGroup;
			children = (
				847F42541FCD208700565E0D /* Eco_TrackerUITests.swift */,
				847F42561FCD208700565E0D /* Info.plist */,
			);
			path = "Eco-TrackerUITests";
			sourceTree = "<group>";
		};
		84A4AB551FDDC49800F7AF22 /* Model */ = {
			isa = PBXGroup;
			children = (
				84A4AB561FDDC4D100F7AF22 /* User.swift */,
				84DAC42F1FDE2B240058AB77 /* ProductPage.swift */,
			);
			path = Model;
			sourceTree = "<group>";
		};
		8A9C26038FBE2FB0B25010CC /* Pods */ = {
			isa = PBXGroup;
			children = (
				F7F31A027F9F9495E3875466 /* Pods-Eco-Tracker.debug.xcconfig */,
				327A97AD83443E4AC7E501BA /* Pods-Eco-Tracker.release.xcconfig */,
				1263F7913B96E1AD4608D95E /* Pods-Eco-TrackerTests.debug.xcconfig */,
				6F8F06D533380845321F4789 /* Pods-Eco-TrackerTests.release.xcconfig */,
				538D48F0DC65F5685F15119E /* Pods-Eco-TrackerUITests.debug.xcconfig */,
				37C000780294BDB4023E7DE2 /* Pods-Eco-TrackerUITests.release.xcconfig */,
			);
			name = Pods;
			sourceTree = "<group>";
		};
/* End PBXGroup section */

/* Begin PBXNativeTarget section */
		847F42301FCD208600565E0D /* Eco-Tracker */ = {
			isa = PBXNativeTarget;
			buildConfigurationList = 847F42591FCD208700565E0D /* Build configuration list for PBXNativeTarget "Eco-Tracker" */;
			buildPhases = (
				5BECE0C586EF60DB81FD5B68 /* [CP] Check Pods Manifest.lock */,
				847F422D1FCD208600565E0D /* Sources */,
				847F422E1FCD208600565E0D /* Frameworks */,
				847F422F1FCD208600565E0D /* Resources */,
				AD0DAFA9E27612AF624DDD96 /* [CP] Embed Pods Frameworks */,
				1F3435DDFEBC5408A61C8927 /* [CP] Copy Pods Resources */,
			);
			buildRules = (
			);
			dependencies = (
			);
			name = "Eco-Tracker";
			productName = "Eco-Tracker";
			productReference = 847F42311FCD208600565E0D /* Eco-Tracker.app */;
			productType = "com.apple.product-type.application";
		};
		847F42441FCD208700565E0D /* Eco-TrackerTests */ = {
			isa = PBXNativeTarget;
			buildConfigurationList = 847F425C1FCD208700565E0D /* Build configuration list for PBXNativeTarget "Eco-TrackerTests" */;
			buildPhases = (
				CEFC94BAFE3BCF9193D63F49 /* [CP] Check Pods Manifest.lock */,
				847F42411FCD208700565E0D /* Sources */,
				847F42421FCD208700565E0D /* Frameworks */,
				847F42431FCD208700565E0D /* Resources */,
				5F0C3246D0D73BABDAE5E88F /* [CP] Embed Pods Frameworks */,
				89FF72EC8A788C5FAE1210D1 /* [CP] Copy Pods Resources */,
			);
			buildRules = (
			);
			dependencies = (
				847F42471FCD208700565E0D /* PBXTargetDependency */,
			);
			name = "Eco-TrackerTests";
			productName = "Eco-TrackerTests";
			productReference = 847F42451FCD208700565E0D /* Eco-TrackerTests.xctest */;
			productType = "com.apple.product-type.bundle.unit-test";
		};
		847F424F1FCD208700565E0D /* Eco-TrackerUITests */ = {
			isa = PBXNativeTarget;
			buildConfigurationList = 847F425F1FCD208700565E0D /* Build configuration list for PBXNativeTarget "Eco-TrackerUITests" */;
			buildPhases = (
				40B15A906F4ECD87C7B40FC9 /* [CP] Check Pods Manifest.lock */,
				847F424C1FCD208700565E0D /* Sources */,
				847F424D1FCD208700565E0D /* Frameworks */,
				847F424E1FCD208700565E0D /* Resources */,
				81AD77B3194197A13C835A02 /* [CP] Embed Pods Frameworks */,
				66C119A6A6F404CCCA815CE2 /* [CP] Copy Pods Resources */,
			);
			buildRules = (
			);
			dependencies = (
				847F42521FCD208700565E0D /* PBXTargetDependency */,
			);
			name = "Eco-TrackerUITests";
			productName = "Eco-TrackerUITests";
			productReference = 847F42501FCD208700565E0D /* Eco-TrackerUITests.xctest */;
			productType = "com.apple.product-type.bundle.ui-testing";
		};
/* End PBXNativeTarget section */

/* Begin PBXProject section */
		847F42291FCD208600565E0D /* Project object */ = {
			isa = PBXProject;
			attributes = {
				LastSwiftUpdateCheck = 0900;
				LastUpgradeCheck = 0900;
				ORGANIZATIONNAME = SmilingRobotics;
				TargetAttributes = {
					847F42301FCD208600565E0D = {
						CreatedOnToolsVersion = 9.0;
						ProvisioningStyle = Automatic;
					};
					847F42441FCD208700565E0D = {
						CreatedOnToolsVersion = 9.0;
						ProvisioningStyle = Automatic;
						TestTargetID = 847F42301FCD208600565E0D;
					};
					847F424F1FCD208700565E0D = {
						CreatedOnToolsVersion = 9.0;
						ProvisioningStyle = Automatic;
						TestTargetID = 847F42301FCD208600565E0D;
					};
				};
			};
			buildConfigurationList = 847F422C1FCD208600565E0D /* Build configuration list for PBXProject "Eco-Tracker" */;
			compatibilityVersion = "Xcode 8.0";
			developmentRegion = en;
			hasScannedForEncodings = 0;
			knownRegions = (
				en,
				Base,
			);
			mainGroup = 847F42281FCD208600565E0D;
			productRefGroup = 847F42321FCD208600565E0D /* Products */;
			projectDirPath = "";
			projectRoot = "";
			targets = (
				847F42301FCD208600565E0D /* Eco-Tracker */,
				847F42441FCD208700565E0D /* Eco-TrackerTests */,
				847F424F1FCD208700565E0D /* Eco-TrackerUITests */,
			);
		};
/* End PBXProject section */

/* Begin PBXResourcesBuildPhase section */
		847F422F1FCD208600565E0D /* Resources */ = {
			isa = PBXResourcesBuildPhase;
			buildActionMask = 2147483647;
			files = (
				847F423F1FCD208700565E0D /* LaunchScreen.storyboard in Resources */,
				848AD92E1FD6F31500FEB4F2 /* GoogleService-Info.plist in Resources */,
				847F423C1FCD208700565E0D /* Assets.xcassets in Resources */,
				847F423A1FCD208600565E0D /* Main.storyboard in Resources */,
			);
			runOnlyForDeploymentPostprocessing = 0;
		};
		847F42431FCD208700565E0D /* Resources */ = {
			isa = PBXResourcesBuildPhase;
			buildActionMask = 2147483647;
			files = (
			);
			runOnlyForDeploymentPostprocessing = 0;
		};
		847F424E1FCD208700565E0D /* Resources */ = {
			isa = PBXResourcesBuildPhase;
			buildActionMask = 2147483647;
			files = (
			);
			runOnlyForDeploymentPostprocessing = 0;
		};
/* End PBXResourcesBuildPhase section */

/* Begin PBXShellScriptBuildPhase section */
		1F3435DDFEBC5408A61C8927 /* [CP] Copy Pods Resources */ = {
			isa = PBXShellScriptBuildPhase;
			buildActionMask = 2147483647;
			files = (
			);
			inputPaths = (
			);
			name = "[CP] Copy Pods Resources";
			outputPaths = (
			);
			runOnlyForDeploymentPostprocessing = 0;
			shellPath = /bin/sh;
			shellScript = "\"${SRCROOT}/Pods/Target Support Files/Pods-Eco-Tracker/Pods-Eco-Tracker-resources.sh\"\n";
			showEnvVarsInLog = 0;
		};
		40B15A906F4ECD87C7B40FC9 /* [CP] Check Pods Manifest.lock */ = {
			isa = PBXShellScriptBuildPhase;
			buildActionMask = 2147483647;
			files = (
			);
			inputPaths = (
				"${PODS_PODFILE_DIR_PATH}/Podfile.lock",
				"${PODS_ROOT}/Manifest.lock",
			);
			name = "[CP] Check Pods Manifest.lock";
			outputPaths = (
				"$(DERIVED_FILE_DIR)/Pods-Eco-TrackerUITests-checkManifestLockResult.txt",
			);
			runOnlyForDeploymentPostprocessing = 0;
			shellPath = /bin/sh;
			shellScript = "diff \"${PODS_PODFILE_DIR_PATH}/Podfile.lock\" \"${PODS_ROOT}/Manifest.lock\" > /dev/null\nif [ $? != 0 ] ; then\n    # print error to STDERR\n    echo \"error: The sandbox is not in sync with the Podfile.lock. Run 'pod install' or update your CocoaPods installation.\" >&2\n    exit 1\nfi\n# This output is used by Xcode 'outputs' to avoid re-running this script phase.\necho \"SUCCESS\" > \"${SCRIPT_OUTPUT_FILE_0}\"\n";
			showEnvVarsInLog = 0;
		};
		5BECE0C586EF60DB81FD5B68 /* [CP] Check Pods Manifest.lock */ = {
			isa = PBXShellScriptBuildPhase;
			buildActionMask = 2147483647;
			files = (
			);
			inputPaths = (
				"${PODS_PODFILE_DIR_PATH}/Podfile.lock",
				"${PODS_ROOT}/Manifest.lock",
			);
			name = "[CP] Check Pods Manifest.lock";
			outputPaths = (
				"$(DERIVED_FILE_DIR)/Pods-Eco-Tracker-checkManifestLockResult.txt",
			);
			runOnlyForDeploymentPostprocessing = 0;
			shellPath = /bin/sh;
			shellScript = "diff \"${PODS_PODFILE_DIR_PATH}/Podfile.lock\" \"${PODS_ROOT}/Manifest.lock\" > /dev/null\nif [ $? != 0 ] ; then\n    # print error to STDERR\n    echo \"error: The sandbox is not in sync with the Podfile.lock. Run 'pod install' or update your CocoaPods installation.\" >&2\n    exit 1\nfi\n# This output is used by Xcode 'outputs' to avoid re-running this script phase.\necho \"SUCCESS\" > \"${SCRIPT_OUTPUT_FILE_0}\"\n";
			showEnvVarsInLog = 0;
		};
		5F0C3246D0D73BABDAE5E88F /* [CP] Embed Pods Frameworks */ = {
			isa = PBXShellScriptBuildPhase;
			buildActionMask = 2147483647;
			files = (
			);
			inputPaths = (
			);
			name = "[CP] Embed Pods Frameworks";
			outputPaths = (
			);
			runOnlyForDeploymentPostprocessing = 0;
			shellPath = /bin/sh;
			shellScript = "\"${SRCROOT}/Pods/Target Support Files/Pods-Eco-TrackerTests/Pods-Eco-TrackerTests-frameworks.sh\"\n";
			showEnvVarsInLog = 0;
		};
		66C119A6A6F404CCCA815CE2 /* [CP] Copy Pods Resources */ = {
			isa = PBXShellScriptBuildPhase;
			buildActionMask = 2147483647;
			files = (
			);
			inputPaths = (
			);
			name = "[CP] Copy Pods Resources";
			outputPaths = (
			);
			runOnlyForDeploymentPostprocessing = 0;
			shellPath = /bin/sh;
			shellScript = "\"${SRCROOT}/Pods/Target Support Files/Pods-Eco-TrackerUITests/Pods-Eco-TrackerUITests-resources.sh\"\n";
			showEnvVarsInLog = 0;
		};
		81AD77B3194197A13C835A02 /* [CP] Embed Pods Frameworks */ = {
			isa = PBXShellScriptBuildPhase;
			buildActionMask = 2147483647;
			files = (
			);
			inputPaths = (
			);
			name = "[CP] Embed Pods Frameworks";
			outputPaths = (
			);
			runOnlyForDeploymentPostprocessing = 0;
			shellPath = /bin/sh;
			shellScript = "\"${SRCROOT}/Pods/Target Support Files/Pods-Eco-TrackerUITests/Pods-Eco-TrackerUITests-frameworks.sh\"\n";
			showEnvVarsInLog = 0;
		};
		89FF72EC8A788C5FAE1210D1 /* [CP] Copy Pods Resources */ = {
			isa = PBXShellScriptBuildPhase;
			buildActionMask = 2147483647;
			files = (
			);
			inputPaths = (
			);
			name = "[CP] Copy Pods Resources";
			outputPaths = (
			);
			runOnlyForDeploymentPostprocessing = 0;
			shellPath = /bin/sh;
			shellScript = "\"${SRCROOT}/Pods/Target Support Files/Pods-Eco-TrackerTests/Pods-Eco-TrackerTests-resources.sh\"\n";
			showEnvVarsInLog = 0;
		};
		AD0DAFA9E27612AF624DDD96 /* [CP] Embed Pods Frameworks */ = {
			isa = PBXShellScriptBuildPhase;
			buildActionMask = 2147483647;
			files = (
			);
			inputPaths = (
				"${SRCROOT}/Pods/Target Support Files/Pods-Eco-Tracker/Pods-Eco-Tracker-frameworks.sh",
				"${BUILT_PRODUCTS_DIR}/GoogleToolboxForMac/GoogleToolboxForMac.framework",
				"${BUILT_PRODUCTS_DIR}/leveldb-library/leveldb.framework",
				"${BUILT_PRODUCTS_DIR}/nanopb/nanopb.framework",
			);
			name = "[CP] Embed Pods Frameworks";
			outputPaths = (
				"${TARGET_BUILD_DIR}/${FRAMEWORKS_FOLDER_PATH}/GoogleToolboxForMac.framework",
				"${TARGET_BUILD_DIR}/${FRAMEWORKS_FOLDER_PATH}/leveldb.framework",
				"${TARGET_BUILD_DIR}/${FRAMEWORKS_FOLDER_PATH}/nanopb.framework",
			);
			runOnlyForDeploymentPostprocessing = 0;
			shellPath = /bin/sh;
			shellScript = "\"${SRCROOT}/Pods/Target Support Files/Pods-Eco-Tracker/Pods-Eco-Tracker-frameworks.sh\"\n";
			showEnvVarsInLog = 0;
		};
		CEFC94BAFE3BCF9193D63F49 /* [CP] Check Pods Manifest.lock */ = {
			isa = PBXShellScriptBuildPhase;
			buildActionMask = 2147483647;
			files = (
			);
			inputPaths = (
				"${PODS_PODFILE_DIR_PATH}/Podfile.lock",
				"${PODS_ROOT}/Manifest.lock",
			);
			name = "[CP] Check Pods Manifest.lock";
			outputPaths = (
				"$(DERIVED_FILE_DIR)/Pods-Eco-TrackerTests-checkManifestLockResult.txt",
			);
			runOnlyForDeploymentPostprocessing = 0;
			shellPath = /bin/sh;
			shellScript = "diff \"${PODS_PODFILE_DIR_PATH}/Podfile.lock\" \"${PODS_ROOT}/Manifest.lock\" > /dev/null\nif [ $? != 0 ] ; then\n    # print error to STDERR\n    echo \"error: The sandbox is not in sync with the Podfile.lock. Run 'pod install' or update your CocoaPods installation.\" >&2\n    exit 1\nfi\n# This output is used by Xcode 'outputs' to avoid re-running this script phase.\necho \"SUCCESS\" > \"${SCRIPT_OUTPUT_FILE_0}\"\n";
			showEnvVarsInLog = 0;
		};
/* End PBXShellScriptBuildPhase section */

/* Begin PBXSourcesBuildPhase section */
		847F422D1FCD208600565E0D /* Sources */ = {
			isa = PBXSourcesBuildPhase;
			buildActionMask = 2147483647;
			files = (
				84A4AB591FDDD01400F7AF22 /* ProductViewController.swift in Sources */,
				847F42661FCD2B9500565E0D /* RecycleViewController.swift in Sources */,
				84DAC4301FDE2B240058AB77 /* ProductPage.swift in Sources */,
				847F42371FCD208600565E0D /* ViewController.swift in Sources */,
				847F42351FCD208600565E0D /* AppDelegate.swift in Sources */,
				84A4AB571FDDC4D100F7AF22 /* User.swift in Sources */,
				84129A901FD65F6E0071C911 /* ScannerViewController.swift in Sources */,
			);
			runOnlyForDeploymentPostprocessing = 0;
		};
		847F42411FCD208700565E0D /* Sources */ = {
			isa = PBXSourcesBuildPhase;
			buildActionMask = 2147483647;
			files = (
				847F424A1FCD208700565E0D /* Eco_TrackerTests.swift in Sources */,
			);
			runOnlyForDeploymentPostprocessing = 0;
		};
		847F424C1FCD208700565E0D /* Sources */ = {
			isa = PBXSourcesBuildPhase;
			buildActionMask = 2147483647;
			files = (
				847F42551FCD208700565E0D /* Eco_TrackerUITests.swift in Sources */,
			);
			runOnlyForDeploymentPostprocessing = 0;
		};
/* End PBXSourcesBuildPhase section */

/* Begin PBXTargetDependency section */
		847F42471FCD208700565E0D /* PBXTargetDependency */ = {
			isa = PBXTargetDependency;
			target = 847F42301FCD208600565E0D /* Eco-Tracker */;
			targetProxy = 847F42461FCD208700565E0D /* PBXContainerItemProxy */;
		};
		847F42521FCD208700565E0D /* PBXTargetDependency */ = {
			isa = PBXTargetDependency;
			target = 847F42301FCD208600565E0D /* Eco-Tracker */;
			targetProxy = 847F42511FCD208700565E0D /* PBXContainerItemProxy */;
		};
/* End PBXTargetDependency section */

/* Begin PBXVariantGroup section */
		847F42381FCD208600565E0D /* Main.storyboard */ = {
			isa = PBXVariantGroup;
			children = (
				847F42391FCD208600565E0D /* Base */,
			);
			name = Main.storyboard;
			sourceTree = "<group>";
		};
		847F423D1FCD208700565E0D /* LaunchScreen.storyboard */ = {
			isa = PBXVariantGroup;
			children = (
				847F423E1FCD208700565E0D /* Base */,
			);
			name = LaunchScreen.storyboard;
			sourceTree = "<group>";
		};
/* End PBXVariantGroup section */

/* Begin XCBuildConfiguration section */
		847F42571FCD208700565E0D /* Debug */ = {
			isa = XCBuildConfiguration;
			buildSettings = {
				ALWAYS_SEARCH_USER_PATHS = NO;
				CLANG_ANALYZER_NONNULL = YES;
				CLANG_ANALYZER_NUMBER_OBJECT_CONVERSION = YES_AGGRESSIVE;
				CLANG_CXX_LANGUAGE_STANDARD = "gnu++14";
				CLANG_CXX_LIBRARY = "libc++";
				CLANG_ENABLE_MODULES = YES;
				CLANG_ENABLE_OBJC_ARC = YES;
				CLANG_WARN_BLOCK_CAPTURE_AUTORELEASING = YES;
				CLANG_WARN_BOOL_CONVERSION = YES;
				CLANG_WARN_COMMA = YES;
				CLANG_WARN_CONSTANT_CONVERSION = YES;
				CLANG_WARN_DIRECT_OBJC_ISA_USAGE = YES_ERROR;
				CLANG_WARN_DOCUMENTATION_COMMENTS = YES;
				CLANG_WARN_EMPTY_BODY = YES;
				CLANG_WARN_ENUM_CONVERSION = YES;
				CLANG_WARN_INFINITE_RECURSION = YES;
				CLANG_WARN_INT_CONVERSION = YES;
				CLANG_WARN_NON_LITERAL_NULL_CONVERSION = YES;
				CLANG_WARN_OBJC_LITERAL_CONVERSION = YES;
				CLANG_WARN_OBJC_ROOT_CLASS = YES_ERROR;
				CLANG_WARN_RANGE_LOOP_ANALYSIS = YES;
				CLANG_WARN_STRICT_PROTOTYPES = YES;
				CLANG_WARN_SUSPICIOUS_MOVE = YES;
				CLANG_WARN_UNGUARDED_AVAILABILITY = YES_AGGRESSIVE;
				CLANG_WARN_UNREACHABLE_CODE = YES;
				CLANG_WARN__DUPLICATE_METHOD_MATCH = YES;
				CODE_SIGN_IDENTITY = "iPhone Developer";
				COPY_PHASE_STRIP = NO;
				DEBUG_INFORMATION_FORMAT = dwarf;
				ENABLE_STRICT_OBJC_MSGSEND = YES;
				ENABLE_TESTABILITY = YES;
				GCC_C_LANGUAGE_STANDARD = gnu11;
				GCC_DYNAMIC_NO_PIC = NO;
				GCC_NO_COMMON_BLOCKS = YES;
				GCC_OPTIMIZATION_LEVEL = 0;
				GCC_PREPROCESSOR_DEFINITIONS = (
					"DEBUG=1",
					"$(inherited)",
				);
				GCC_WARN_64_TO_32_BIT_CONVERSION = YES;
				GCC_WARN_ABOUT_RETURN_TYPE = YES_ERROR;
				GCC_WARN_UNDECLARED_SELECTOR = YES;
				GCC_WARN_UNINITIALIZED_AUTOS = YES_AGGRESSIVE;
				GCC_WARN_UNUSED_FUNCTION = YES;
				GCC_WARN_UNUSED_VARIABLE = YES;
				IPHONEOS_DEPLOYMENT_TARGET = 11.0;
				MTL_ENABLE_DEBUG_INFO = YES;
				ONLY_ACTIVE_ARCH = YES;
				SDKROOT = iphoneos;
				SWIFT_ACTIVE_COMPILATION_CONDITIONS = DEBUG;
				SWIFT_OPTIMIZATION_LEVEL = "-Onone";
			};
			name = Debug;
		};
		847F42581FCD208700565E0D /* Release */ = {
			isa = XCBuildConfiguration;
			buildSettings = {
				ALWAYS_SEARCH_USER_PATHS = NO;
				CLANG_ANALYZER_NONNULL = YES;
				CLANG_ANALYZER_NUMBER_OBJECT_CONVERSION = YES_AGGRESSIVE;
				CLANG_CXX_LANGUAGE_STANDARD = "gnu++14";
				CLANG_CXX_LIBRARY = "libc++";
				CLANG_ENABLE_MODULES = YES;
				CLANG_ENABLE_OBJC_ARC = YES;
				CLANG_WARN_BLOCK_CAPTURE_AUTORELEASING = YES;
				CLANG_WARN_BOOL_CONVERSION = YES;
				CLANG_WARN_COMMA = YES;
				CLANG_WARN_CONSTANT_CONVERSION = YES;
				CLANG_WARN_DIRECT_OBJC_ISA_USAGE = YES_ERROR;
				CLANG_WARN_DOCUMENTATION_COMMENTS = YES;
				CLANG_WARN_EMPTY_BODY = YES;
				CLANG_WARN_ENUM_CONVERSION = YES;
				CLANG_WARN_INFINITE_RECURSION = YES;
				CLANG_WARN_INT_CONVERSION = YES;
				CLANG_WARN_NON_LITERAL_NULL_CONVERSION = YES;
				CLANG_WARN_OBJC_LITERAL_CONVERSION = YES;
				CLANG_WARN_OBJC_ROOT_CLASS = YES_ERROR;
				CLANG_WARN_RANGE_LOOP_ANALYSIS = YES;
				CLANG_WARN_STRICT_PROTOTYPES = YES;
				CLANG_WARN_SUSPICIOUS_MOVE = YES;
				CLANG_WARN_UNGUARDED_AVAILABILITY = YES_AGGRESSIVE;
				CLANG_WARN_UNREACHABLE_CODE = YES;
				CLANG_WARN__DUPLICATE_METHOD_MATCH = YES;
				CODE_SIGN_IDENTITY = "iPhone Developer";
				COPY_PHASE_STRIP = NO;
				DEBUG_INFORMATION_FORMAT = "dwarf-with-dsym";
				ENABLE_NS_ASSERTIONS = NO;
				ENABLE_STRICT_OBJC_MSGSEND = YES;
				GCC_C_LANGUAGE_STANDARD = gnu11;
				GCC_NO_COMMON_BLOCKS = YES;
				GCC_WARN_64_TO_32_BIT_CONVERSION = YES;
				GCC_WARN_ABOUT_RETURN_TYPE = YES_ERROR;
				GCC_WARN_UNDECLARED_SELECTOR = YES;
				GCC_WARN_UNINITIALIZED_AUTOS = YES_AGGRESSIVE;
				GCC_WARN_UNUSED_FUNCTION = YES;
				GCC_WARN_UNUSED_VARIABLE = YES;
				IPHONEOS_DEPLOYMENT_TARGET = 11.0;
				MTL_ENABLE_DEBUG_INFO = NO;
				SDKROOT = iphoneos;
				SWIFT_OPTIMIZATION_LEVEL = "-Owholemodule";
				VALIDATE_PRODUCT = YES;
			};
			name = Release;
		};
		847F425A1FCD208700565E0D /* Debug */ = {
			isa = XCBuildConfiguration;
			baseConfigurationReference = F7F31A027F9F9495E3875466 /* Pods-Eco-Tracker.debug.xcconfig */;
			buildSettings = {
				ASSETCATALOG_COMPILER_APPICON_NAME = AppIcon;
				CODE_SIGN_STYLE = Automatic;
				DEVELOPMENT_TEAM = CLKHJ6HQN6;
				INFOPLIST_FILE = "Eco-Tracker/Info.plist";
				IPHONEOS_DEPLOYMENT_TARGET = 10.0;
				LD_RUNPATH_SEARCH_PATHS = "$(inherited) @executable_path/Frameworks";
				PRODUCT_BUNDLE_IDENTIFIER = "com.smilingrobotics.Eco-Tracker";
				PRODUCT_NAME = "$(TARGET_NAME)";
				SWIFT_VERSION = 4.0;
				TARGETED_DEVICE_FAMILY = 1;
			};
			name = Debug;
		};
		847F425B1FCD208700565E0D /* Release */ = {
			isa = XCBuildConfiguration;
			baseConfigurationReference = 327A97AD83443E4AC7E501BA /* Pods-Eco-Tracker.release.xcconfig */;
			buildSettings = {
				ASSETCATALOG_COMPILER_APPICON_NAME = AppIcon;
				CODE_SIGN_STYLE = Automatic;
				DEVELOPMENT_TEAM = CLKHJ6HQN6;
				INFOPLIST_FILE = "Eco-Tracker/Info.plist";
				IPHONEOS_DEPLOYMENT_TARGET = 10.0;
				LD_RUNPATH_SEARCH_PATHS = "$(inherited) @executable_path/Frameworks";
				PRODUCT_BUNDLE_IDENTIFIER = "com.smilingrobotics.Eco-Tracker";
				PRODUCT_NAME = "$(TARGET_NAME)";
				SWIFT_VERSION = 4.0;
				TARGETED_DEVICE_FAMILY = 1;
			};
			name = Release;
		};
		847F425D1FCD208700565E0D /* Debug */ = {
			isa = XCBuildConfiguration;
			baseConfigurationReference = 1263F7913B96E1AD4608D95E /* Pods-Eco-TrackerTests.debug.xcconfig */;
			buildSettings = {
				ALWAYS_EMBED_SWIFT_STANDARD_LIBRARIES = YES;
				BUNDLE_LOADER = "$(TEST_HOST)";
				CODE_SIGN_STYLE = Automatic;
				INFOPLIST_FILE = "Eco-TrackerTests/Info.plist";
				LD_RUNPATH_SEARCH_PATHS = "$(inherited) @executable_path/Frameworks @loader_path/Frameworks";
				PRODUCT_BUNDLE_IDENTIFIER = "com.smilingrobotics.Eco-TrackerTests";
				PRODUCT_NAME = "$(TARGET_NAME)";
				SWIFT_VERSION = 4.0;
				TARGETED_DEVICE_FAMILY = "1,2";
				TEST_HOST = "$(BUILT_PRODUCTS_DIR)/Eco-Tracker.app/Eco-Tracker";
			};
			name = Debug;
		};
		847F425E1FCD208700565E0D /* Release */ = {
			isa = XCBuildConfiguration;
			baseConfigurationReference = 6F8F06D533380845321F4789 /* Pods-Eco-TrackerTests.release.xcconfig */;
			buildSettings = {
				ALWAYS_EMBED_SWIFT_STANDARD_LIBRARIES = YES;
				BUNDLE_LOADER = "$(TEST_HOST)";
				CODE_SIGN_STYLE = Automatic;
				INFOPLIST_FILE = "Eco-TrackerTests/Info.plist";
				LD_RUNPATH_SEARCH_PATHS = "$(inherited) @executable_path/Frameworks @loader_path/Frameworks";
				PRODUCT_BUNDLE_IDENTIFIER = "com.smilingrobotics.Eco-TrackerTests";
				PRODUCT_NAME = "$(TARGET_NAME)";
				SWIFT_VERSION = 4.0;
				TARGETED_DEVICE_FAMILY = "1,2";
				TEST_HOST = "$(BUILT_PRODUCTS_DIR)/Eco-Tracker.app/Eco-Tracker";
			};
			name = Release;
		};
		847F42601FCD208700565E0D /* Debug */ = {
			isa = XCBuildConfiguration;
			baseConfigurationReference = 538D48F0DC65F5685F15119E /* Pods-Eco-TrackerUITests.debug.xcconfig */;
			buildSettings = {
				ALWAYS_EMBED_SWIFT_STANDARD_LIBRARIES = YES;
				CODE_SIGN_STYLE = Automatic;
				INFOPLIST_FILE = "Eco-TrackerUITests/Info.plist";
				LD_RUNPATH_SEARCH_PATHS = "$(inherited) @executable_path/Frameworks @loader_path/Frameworks";
				PRODUCT_BUNDLE_IDENTIFIER = "com.smilingrobotics.Eco-TrackerUITests";
				PRODUCT_NAME = "$(TARGET_NAME)";
				SWIFT_VERSION = 4.0;
				TARGETED_DEVICE_FAMILY = "1,2";
				TEST_TARGET_NAME = "Eco-Tracker";
			};
			name = Debug;
		};
		847F42611FCD208700565E0D /* Release */ = {
			isa = XCBuildConfiguration;
			baseConfigurationReference = 37C000780294BDB4023E7DE2 /* Pods-Eco-TrackerUITests.release.xcconfig */;
			buildSettings = {
				ALWAYS_EMBED_SWIFT_STANDARD_LIBRARIES = YES;
				CODE_SIGN_STYLE = Automatic;
				INFOPLIST_FILE = "Eco-TrackerUITests/Info.plist";
				LD_RUNPATH_SEARCH_PATHS = "$(inherited) @executable_path/Frameworks @loader_path/Frameworks";
				PRODUCT_BUNDLE_IDENTIFIER = "com.smilingrobotics.Eco-TrackerUITests";
				PRODUCT_NAME = "$(TARGET_NAME)";
				SWIFT_VERSION = 4.0;
				TARGETED_DEVICE_FAMILY = "1,2";
				TEST_TARGET_NAME = "Eco-Tracker";
			};
			name = Release;
		};
/* End XCBuildConfiguration section */

/* Begin XCConfigurationList section */
		847F422C1FCD208600565E0D /* Build configuration list for PBXProject "Eco-Tracker" */ = {
			isa = XCConfigurationList;
			buildConfigurations = (
				847F42571FCD208700565E0D /* Debug */,
				847F42581FCD208700565E0D /* Release */,
			);
			defaultConfigurationIsVisible = 0;
			defaultConfigurationName = Release;
		};
		847F42591FCD208700565E0D /* Build configuration list for PBXNativeTarget "Eco-Tracker" */ = {
			isa = XCConfigurationList;
			buildConfigurations = (
				847F425A1FCD208700565E0D /* Debug */,
				847F425B1FCD208700565E0D /* Release */,
			);
			defaultConfigurationIsVisible = 0;
			defaultConfigurationName = Release;
		};
		847F425C1FCD208700565E0D /* Build configuration list for PBXNativeTarget "Eco-TrackerTests" */ = {
			isa = XCConfigurationList;
			buildConfigurations = (
				847F425D1FCD208700565E0D /* Debug */,
				847F425E1FCD208700565E0D /* Release */,
			);
			defaultConfigurationIsVisible = 0;
			defaultConfigurationName = Release;
		};
		847F425F1FCD208700565E0D /* Build configuration list for PBXNativeTarget "Eco-TrackerUITests" */ = {
			isa = XCConfigurationList;
			buildConfigurations = (
				847F42601FCD208700565E0D /* Debug */,
				847F42611FCD208700565E0D /* Release */,
			);
			defaultConfigurationIsVisible = 0;
			defaultConfigurationName = Release;
		};
/* End XCConfigurationList section */
	};
	rootObject = 847F42291FCD208600565E0D /* Project object */;
}
