// !$*UTF8*$!
{
	archiveVersion = 1;
	classes = {
	};
	objectVersion = 48;
	objects = {

/* Begin PBXBuildFile section */
		847F42351FCD208600565E0D /* AppDelegate.swift in Sources */ = {isa = PBXBuildFile; fileRef = 847F42341FCD208600565E0D /* AppDelegate.swift */; };
		847F42371FCD208600565E0D /* ViewController.swift in Sources */ = {isa = PBXBuildFile; fileRef = 847F42361FCD208600565E0D /* ViewController.swift */; };
		847F423A1FCD208600565E0D /* Main.storyboard in Resources */ = {isa = PBXBuildFile; fileRef = 847F42381FCD208600565E0D /* Main.storyboard */; };
		847F423C1FCD208700565E0D /* Assets.xcassets in Resources */ = {isa = PBXBuildFile; fileRef = 847F423B1FCD208700565E0D /* Assets.xcassets */; };
		847F423F1FCD208700565E0D /* LaunchScreen.storyboard in Resources */ = {isa = PBXBuildFile; fileRef = 847F423D1FCD208700565E0D /* LaunchScreen.storyboard */; };
		847F424A1FCD208700565E0D /* Eco_TrackerTests.swift in Sources */ = {isa = PBXBuildFile; fileRef = 847F42491FCD208700565E0D /* Eco_TrackerTests.swift */; };
		847F42551FCD208700565E0D /* Eco_TrackerUITests.swift in Sources */ = {isa = PBXBuildFile; fileRef = 847F42541FCD208700565E0D /* Eco_TrackerUITests.swift */; };
		847F42661FCD2B9500565E0D /* RecycleViewController.swift in Sources */ = {isa = PBXBuildFile; fileRef = 847F42651FCD2B9500565E0D /* RecycleViewController.swift */; };
/* End PBXBuildFile section */

/* Begin PBXContainerItemProxy section */
		847F42461FCD208700565E0D /* PBXContainerItemProxy */ = {
			isa = PBXContainerItemProxy;
			containerPortal = 847F42291FCD208600565E0D /* Project object */;
			proxyType = 1;
			remoteGlobalIDString = 847F42301FCD208600565E0D;
			remoteInfo = "Eco-Tracker";
		};
		847F42511FCD208700565E0D /* PBXContainerItemProxy */ = {
			isa = PBXContainerItemProxy;
			containerPortal = 847F42291FCD208600565E0D /* Project object */;
			proxyType = 1;
			remoteGlobalIDString = 847F42301FCD208600565E0D;
			remoteInfo = "Eco-Tracker";
		};
/* End PBXContainerItemProxy section */

/* Begin PBXFileReference section */
		847F42311FCD208600565E0D /* Eco-Tracker.app */ = {isa = PBXFileReference; explicitFileType = wrapper.application; includeInIndex = 0; path = "Eco-Tracker.app"; sourceTree = BUILT_PRODUCTS_DIR; };
		847F42341FCD208600565E0D /* AppDelegate.swift */ = {isa = PBXFileReference; lastKnownFileType = sourcecode.swift; path = AppDelegate.swift; sourceTree = "<group>"; };
		847F42361FCD208600565E0D /* ViewController.swift */ = {isa = PBXFileReference; lastKnownFileType = sourcecode.swift; path = ViewController.swift; sourceTree = "<group>"; };
		847F42391FCD208600565E0D /* Base */ = {isa = PBXFileReference; lastKnownFileType = file.storyboard; name = Base; path = Base.lproj/Main.storyboard; sourceTree = "<group>"; };
		847F423B1FCD208700565E0D /* Assets.xcassets */ = {isa = PBXFileReference; lastKnownFileType = folder.assetcatalog; path = Assets.xcassets; sourceTree = "<group>"; };
		847F423E1FCD208700565E0D /* Base */ = {isa = PBXFileReference; lastKnownFileType = file.storyboard; name = Base; path = Base.lproj/LaunchScreen.storyboard; sourceTree = "<group>"; };
		847F42401FCD208700565E0D /* Info.plist */ = {isa = PBXFileReference; lastKnownFileType = text.plist.xml; path = Info.plist; sourceTree = "<group>"; };
		847F42451FCD208700565E0D /* Eco-TrackerTests.xctest */ = {isa = PBXFileReference; explicitFileType = wrapper.cfbundle; includeInIndex = 0; path = "Eco-TrackerTests.xctest"; sourceTree = BUILT_PRODUCTS_DIR; };
		847F42491FCD208700565E0D /* Eco_TrackerTests.swift */ = {isa = PBXFileReference; lastKnownFileType = sourcecode.swift; path = Eco_TrackerTests.swift; sourceTree = "<group>"; };
		847F424B1FCD208700565E0D /* Info.plist */ = {isa = PBXFileReference; lastKnownFileType = text.plist.xml; path = Info.plist; sourceTree = "<group>"; };
		847F42501FCD208700565E0D /* Eco-TrackerUITests.xctest */ = {isa = PBXFileReference; explicitFileType = wrapper.cfbundle; includeInIndex = 0; path = "Eco-TrackerUITests.xctest"; sourceTree = BUILT_PRODUCTS_DIR; };
		847F42541FCD208700565E0D /* Eco_TrackerUITests.swift */ = {isa = PBXFileReference; lastKnownFileType = sourcecode.swift; path = Eco_TrackerUITests.swift; sourceTree = "<group>"; };
		847F42561FCD208700565E0D /* Info.plist */ = {isa = PBXFileReference; lastKnownFileType = text.plist.xml; path = Info.plist; sourceTree = "<group>"; };
		847F42651FCD2B9500565E0D /* RecycleViewController.swift */ = {isa = PBXFileReference; lastKnownFileType = sourcecode.swift; path = RecycleViewController.swift; sourceTree = "<group>"; };
/* End PBXFileReference section */

/* Begin PBXFrameworksBuildPhase section */
		847F422E1FCD208600565E0D /* Frameworks */ = {
			isa = PBXFrameworksBuildPhase;
			buildActionMask = 2147483647;
			files = (
			);
			runOnlyForDeploymentPostprocessing = 0;
		};
		847F42421FCD208700565E0D /* Frameworks */ = {
			isa = PBXFrameworksBuildPhase;
			buildActionMask = 2147483647;
			files = (
			);
			runOnlyForDeploymentPostprocessing = 0;
		};
		847F424D1FCD208700565E0D /* Frameworks */ = {
			isa = PBXFrameworksBuildPhase;
			buildActionMask = 2147483647;
			files = (
			);
			runOnlyForDeploymentPostprocessing = 0;
		};
/* End PBXFrameworksBuildPhase section */

/* Begin PBXGroup section */
		847F42281FCD208600565E0D = {
			isa = PBXGroup;
			children = (
				847F42331FCD208600565E0D /* Eco-Tracker */,
				847F42481FCD208700565E0D /* Eco-TrackerTests */,
				847F42531FCD208700565E0D /* Eco-TrackerUITests */,
				847F42321FCD208600565E0D /* Products */,
			);
			sourceTree = "<group>";
		};
		847F42321FCD208600565E0D /* Products */ = {
			isa = PBXGroup;
			children = (
				847F42311FCD208600565E0D /* Eco-Tracker.app */,
				847F42451FCD208700565E0D /* Eco-TrackerTests.xctest */,
				847F42501FCD208700565E0D /* Eco-TrackerUITests.xctest */,
			);
			name = Products;
			sourceTree = "<group>";
		};
		847F42331FCD208600565E0D /* Eco-Tracker */ = {
			isa = PBXGroup;
			children = (
				847F42651FCD2B9500565E0D /* RecycleViewController.swift */,
				847F42341FCD208600565E0D /* AppDelegate.swift */,
				847F42361FCD208600565E0D /* ViewController.swift */,
				847F42381FCD208600565E0D /* Main.storyboard */,
				847F423B1FCD208700565E0D /* Assets.xcassets */,
				847F423D1FCD208700565E0D /* LaunchScreen.storyboard */,
				847F42401FCD208700565E0D /* Info.plist */,
			);
			path = "Eco-Tracker";
			sourceTree = "<group>";
		};
		847F42481FCD208700565E0D /* Eco-TrackerTests */ = {
			isa = PBXGroup;
			children = (
				847F42491FCD208700565E0D /* Eco_TrackerTests.swift */,
				847F424B1FCD208700565E0D /* Info.plist */,
			);
			path = "Eco-TrackerTests";
			sourceTree = "<group>";
		};
		847F42531FCD208700565E0D /* Eco-TrackerUITests */ = {
			isa = PBXGroup;
			children = (
				847F42541FCD208700565E0D /* Eco_TrackerUITests.swift */,
				847F42561FCD208700565E0D /* Info.plist */,
			);
			path = "Eco-TrackerUITests";
			sourceTree = "<group>";
		};
/* End PBXGroup section */

/* Begin PBXNativeTarget section */
		847F42301FCD208600565E0D /* Eco-Tracker */ = {
			isa = PBXNativeTarget;
			buildConfigurationList = 847F42591FCD208700565E0D /* Build configuration list for PBXNativeTarget "Eco-Tracker" */;
			buildPhases = (
				847F422D1FCD208600565E0D /* Sources */,
				847F422E1FCD208600565E0D /* Frameworks */,
				847F422F1FCD208600565E0D /* Resources */,
			);
			buildRules = (
			);
			dependencies = (
			);
			name = "Eco-Tracker";
			productName = "Eco-Tracker";
			productReference = 847F42311FCD208600565E0D /* Eco-Tracker.app */;
			productType = "com.apple.product-type.application";
		};
		847F42441FCD208700565E0D /* Eco-TrackerTests */ = {
			isa = PBXNativeTarget;
			buildConfigurationList = 847F425C1FCD208700565E0D /* Build configuration list for PBXNativeTarget "Eco-TrackerTests" */;
			buildPhases = (
				847F42411FCD208700565E0D /* Sources */,
				847F42421FCD208700565E0D /* Frameworks */,
				847F42431FCD208700565E0D /* Resources */,
			);
			buildRules = (
			);
			dependencies = (
				847F42471FCD208700565E0D /* PBXTargetDependency */,
			);
			name = "Eco-TrackerTests";
			productName = "Eco-TrackerTests";
			productReference = 847F42451FCD208700565E0D /* Eco-TrackerTests.xctest */;
			productType = "com.apple.product-type.bundle.unit-test";
		};
		847F424F1FCD208700565E0D /* Eco-TrackerUITests */ = {
			isa = PBXNativeTarget;
			buildConfigurationList = 847F425F1FCD208700565E0D /* Build configuration list for PBXNativeTarget "Eco-TrackerUITests" */;
			buildPhases = (
				847F424C1FCD208700565E0D /* Sources */,
				847F424D1FCD208700565E0D /* Frameworks */,
				847F424E1FCD208700565E0D /* Resources */,
			);
			buildRules = (
			);
			dependencies = (
				847F42521FCD208700565E0D /* PBXTargetDependency */,
			);
			name = "Eco-TrackerUITests";
			productName = "Eco-TrackerUITests";
			productReference = 847F42501FCD208700565E0D /* Eco-TrackerUITests.xctest */;
			productType = "com.apple.product-type.bundle.ui-testing";
		};
/* End PBXNativeTarget section */

/* Begin PBXProject section */
		847F42291FCD208600565E0D /* Project object */ = {
			isa = PBXProject;
			attributes = {
				LastSwiftUpdateCheck = 0900;
				LastUpgradeCheck = 0900;
				ORGANIZATIONNAME = SmilingRobotics;
				TargetAttributes = {
					847F42301FCD208600565E0D = {
						CreatedOnToolsVersion = 9.0;
						ProvisioningStyle = Automatic;
					};
					847F42441FCD208700565E0D = {
						CreatedOnToolsVersion = 9.0;
						ProvisioningStyle = Automatic;
						TestTargetID = 847F42301FCD208600565E0D;
					};
					847F424F1FCD208700565E0D = {
						CreatedOnToolsVersion = 9.0;
						ProvisioningStyle = Automatic;
						TestTargetID = 847F42301FCD208600565E0D;
					};
				};
			};
			buildConfigurationList = 847F422C1FCD208600565E0D /* Build configuration list for PBXProject "Eco-Tracker" */;
			compatibilityVersion = "Xcode 8.0";
			developmentRegion = en;
			hasScannedForEncodings = 0;
			knownRegions = (
				en,
				Base,
			);
			mainGroup = 847F42281FCD208600565E0D;
			productRefGroup = 847F42321FCD208600565E0D /* Products */;
			projectDirPath = "";
			projectRoot = "";
			targets = (
				847F42301FCD208600565E0D /* Eco-Tracker */,
				847F42441FCD208700565E0D /* Eco-TrackerTests */,
				847F424F1FCD208700565E0D /* Eco-TrackerUITests */,
			);
		};
/* End PBXProject section */

/* Begin PBXResourcesBuildPhase section */
		847F422F1FCD208600565E0D /* Resources */ = {
			isa = PBXResourcesBuildPhase;
			buildActionMask = 2147483647;
			files = (
				847F423F1FCD208700565E0D /* LaunchScreen.storyboard in Resources */,
				847F423C1FCD208700565E0D /* Assets.xcassets in Resources */,
				847F423A1FCD208600565E0D /* Main.storyboard in Resources */,
			);
			runOnlyForDeploymentPostprocessing = 0;
		};
		847F42431FCD208700565E0D /* Resources */ = {
			isa = PBXResourcesBuildPhase;
			buildActionMask = 2147483647;
			files = (
			);
			runOnlyForDeploymentPostprocessing = 0;
		};
		847F424E1FCD208700565E0D /* Resources */ = {
			isa = PBXResourcesBuildPhase;
			buildActionMask = 2147483647;
			files = (
			);
			runOnlyForDeploymentPostprocessing = 0;
		};
/* End PBXResourcesBuildPhase section */

/* Begin PBXSourcesBuildPhase section */
		847F422D1FCD208600565E0D /* Sources */ = {
			isa = PBXSourcesBuildPhase;
			buildActionMask = 2147483647;
			files = (
				847F42661FCD2B9500565E0D /* RecycleViewController.swift in Sources */,
				847F42371FCD208600565E0D /* ViewController.swift in Sources */,
				847F42351FCD208600565E0D /* AppDelegate.swift in Sources */,
			);
			runOnlyForDeploymentPostprocessing = 0;
		};
		847F42411FCD208700565E0D /* Sources */ = {
			isa = PBXSourcesBuildPhase;
			buildActionMask = 2147483647;
			files = (
				847F424A1FCD208700565E0D /* Eco_TrackerTests.swift in Sources */,
			);
			runOnlyForDeploymentPostprocessing = 0;
		};
		847F424C1FCD208700565E0D /* Sources */ = {
			isa = PBXSourcesBuildPhase;
			buildActionMask = 2147483647;
			files = (
				847F42551FCD208700565E0D /* Eco_TrackerUITests.swift in Sources */,
			);
			runOnlyForDeploymentPostprocessing = 0;
		};
/* End PBXSourcesBuildPhase section */

/* Begin PBXTargetDependency section */
		847F42471FCD208700565E0D /* PBXTargetDependency */ = {
			isa = PBXTargetDependency;
			target = 847F42301FCD208600565E0D /* Eco-Tracker */;
			targetProxy = 847F42461FCD208700565E0D /* PBXContainerItemProxy */;
		};
		847F42521FCD208700565E0D /* PBXTargetDependency */ = {
			isa = PBXTargetDependency;
			target = 847F42301FCD208600565E0D /* Eco-Tracker */;
			targetProxy = 847F42511FCD208700565E0D /* PBXContainerItemProxy */;
		};
/* End PBXTargetDependency section */

/* Begin PBXVariantGroup section */
		847F42381FCD208600565E0D /* Main.storyboard */ = {
			isa = PBXVariantGroup;
			children = (
				847F42391FCD208600565E0D /* Base */,
			);
			name = Main.storyboard;
			sourceTree = "<group>";
		};
		847F423D1FCD208700565E0D /* LaunchScreen.storyboard */ = {
			isa = PBXVariantGroup;
			children = (
				847F423E1FCD208700565E0D /* Base */,
			);
			name = LaunchScreen.storyboard;
			sourceTree = "<group>";
		};
/* End PBXVariantGroup section */

/* Begin XCBuildConfiguration section */
		847F42571FCD208700565E0D /* Debug */ = {
			isa = XCBuildConfiguration;
			buildSettings = {
				ALWAYS_SEARCH_USER_PATHS = NO;
				CLANG_ANALYZER_NONNULL = YES;
				CLANG_ANALYZER_NUMBER_OBJECT_CONVERSION = YES_AGGRESSIVE;
				CLANG_CXX_LANGUAGE_STANDARD = "gnu++14";
				CLANG_CXX_LIBRARY = "libc++";
				CLANG_ENABLE_MODULES = YES;
				CLANG_ENABLE_OBJC_ARC = YES;
				CLANG_WARN_BLOCK_CAPTURE_AUTORELEASING = YES;
				CLANG_WARN_BOOL_CONVERSION = YES;
				CLANG_WARN_COMMA = YES;
				CLANG_WARN_CONSTANT_CONVERSION = YES;
				CLANG_WARN_DIRECT_OBJC_ISA_USAGE = YES_ERROR;
				CLANG_WARN_DOCUMENTATION_COMMENTS = YES;
				CLANG_WARN_EMPTY_BODY = YES;
				CLANG_WARN_ENUM_CONVERSION = YES;
				CLANG_WARN_INFINITE_RECURSION = YES;
				CLANG_WARN_INT_CONVERSION = YES;
				CLANG_WARN_NON_LITERAL_NULL_CONVERSION = YES;
				CLANG_WARN_OBJC_LITERAL_CONVERSION = YES;
				CLANG_WARN_OBJC_ROOT_CLASS = YES_ERROR;
				CLANG_WARN_RANGE_LOOP_ANALYSIS = YES;
				CLANG_WARN_STRICT_PROTOTYPES = YES;
				CLANG_WARN_SUSPICIOUS_MOVE = YES;
				CLANG_WARN_UNGUARDED_AVAILABILITY = YES_AGGRESSIVE;
				CLANG_WARN_UNREACHABLE_CODE = YES;
				CLANG_WARN__DUPLICATE_METHOD_MATCH = YES;
				CODE_SIGN_IDENTITY = "iPhone Developer";
				COPY_PHASE_STRIP = NO;
				DEBUG_INFORMATION_FORMAT = dwarf;
				ENABLE_STRICT_OBJC_MSGSEND = YES;
				ENABLE_TESTABILITY = YES;
				GCC_C_LANGUAGE_STANDARD = gnu11;
				GCC_DYNAMIC_NO_PIC = NO;
				GCC_NO_COMMON_BLOCKS = YES;
				GCC_OPTIMIZATION_LEVEL = 0;
				GCC_PREPROCESSOR_DEFINITIONS = (
					"DEBUG=1",
					"$(inherited)",
				);
				GCC_WARN_64_TO_32_BIT_CONVERSION = YES;
				GCC_WARN_ABOUT_RETURN_TYPE = YES_ERROR;
				GCC_WARN_UNDECLARED_SELECTOR = YES;
				GCC_WARN_UNINITIALIZED_AUTOS = YES_AGGRESSIVE;
				GCC_WARN_UNUSED_FUNCTION = YES;
				GCC_WARN_UNUSED_VARIABLE = YES;
				IPHONEOS_DEPLOYMENT_TARGET = 11.0;
				MTL_ENABLE_DEBUG_INFO = YES;
				ONLY_ACTIVE_ARCH = YES;
				SDKROOT = iphoneos;
				SWIFT_ACTIVE_COMPILATION_CONDITIONS = DEBUG;
				SWIFT_OPTIMIZATION_LEVEL = "-Onone";
			};
			name = Debug;
		};
		847F42581FCD208700565E0D /* Release */ = {
			isa = XCBuildConfiguration;
			buildSettings = {
				ALWAYS_SEARCH_USER_PATHS = NO;
				CLANG_ANALYZER_NONNULL = YES;
				CLANG_ANALYZER_NUMBER_OBJECT_CONVERSION = YES_AGGRESSIVE;
				CLANG_CXX_LANGUAGE_STANDARD = "gnu++14";
				CLANG_CXX_LIBRARY = "libc++";
				CLANG_ENABLE_MODULES = YES;
				CLANG_ENABLE_OBJC_ARC = YES;
				CLANG_WARN_BLOCK_CAPTURE_AUTORELEASING = YES;
				CLANG_WARN_BOOL_CONVERSION = YES;
				CLANG_WARN_COMMA = YES;
				CLANG_WARN_CONSTANT_CONVERSION = YES;
				CLANG_WARN_DIRECT_OBJC_ISA_USAGE = YES_ERROR;
				CLANG_WARN_DOCUMENTATION_COMMENTS = YES;
				CLANG_WARN_EMPTY_BODY = YES;
				CLANG_WARN_ENUM_CONVERSION = YES;
				CLANG_WARN_INFINITE_RECURSION = YES;
				CLANG_WARN_INT_CONVERSION = YES;
				CLANG_WARN_NON_LITERAL_NULL_CONVERSION = YES;
				CLANG_WARN_OBJC_LITERAL_CONVERSION = YES;
				CLANG_WARN_OBJC_ROOT_CLASS = YES_ERROR;
				CLANG_WARN_RANGE_LOOP_ANALYSIS = YES;
				CLANG_WARN_STRICT_PROTOTYPES = YES;
				CLANG_WARN_SUSPICIOUS_MOVE = YES;
				CLANG_WARN_UNGUARDED_AVAILABILITY = YES_AGGRESSIVE;
				CLANG_WARN_UNREACHABLE_CODE = YES;
				CLANG_WARN__DUPLICATE_METHOD_MATCH = YES;
				CODE_SIGN_IDENTITY = "iPhone Developer";
				COPY_PHASE_STRIP = NO;
				DEBUG_INFORMATION_FORMAT = "dwarf-with-dsym";
				ENABLE_NS_ASSERTIONS = NO;
				ENABLE_STRICT_OBJC_MSGSEND = YES;
				GCC_C_LANGUAGE_STANDARD = gnu11;
				GCC_NO_COMMON_BLOCKS = YES;
				GCC_WARN_64_TO_32_BIT_CONVERSION = YES;
				GCC_WARN_ABOUT_RETURN_TYPE = YES_ERROR;
				GCC_WARN_UNDECLARED_SELECTOR = YES;
				GCC_WARN_UNINITIALIZED_AUTOS = YES_AGGRESSIVE;
				GCC_WARN_UNUSED_FUNCTION = YES;
				GCC_WARN_UNUSED_VARIABLE = YES;
				IPHONEOS_DEPLOYMENT_TARGET = 11.0;
				MTL_ENABLE_DEBUG_INFO = NO;
				SDKROOT = iphoneos;
				SWIFT_OPTIMIZATION_LEVEL = "-Owholemodule";
				VALIDATE_PRODUCT = YES;
			};
			name = Release;
		};
		847F425A1FCD208700565E0D /* Debug */ = {
			isa = XCBuildConfiguration;
			buildSettings = {
				ASSETCATALOG_COMPILER_APPICON_NAME = AppIcon;
				CODE_SIGN_STYLE = Automatic;
				INFOPLIST_FILE = "Eco-Tracker/Info.plist";
				LD_RUNPATH_SEARCH_PATHS = "$(inherited) @executable_path/Frameworks";
				PRODUCT_BUNDLE_IDENTIFIER = "com.smilingrobotics.Eco-Tracker";
				PRODUCT_NAME = "$(TARGET_NAME)";
				SWIFT_VERSION = 4.0;
				TARGETED_DEVICE_FAMILY = "1,2";
			};
			name = Debug;
		};
		847F425B1FCD208700565E0D /* Release */ = {
			isa = XCBuildConfiguration;
			buildSettings = {
				ASSETCATALOG_COMPILER_APPICON_NAME = AppIcon;
				CODE_SIGN_STYLE = Automatic;
				INFOPLIST_FILE = "Eco-Tracker/Info.plist";
				LD_RUNPATH_SEARCH_PATHS = "$(inherited) @executable_path/Frameworks";
				PRODUCT_BUNDLE_IDENTIFIER = "com.smilingrobotics.Eco-Tracker";
				PRODUCT_NAME = "$(TARGET_NAME)";
				SWIFT_VERSION = 4.0;
				TARGETED_DEVICE_FAMILY = "1,2";
			};
			name = Release;
		};
		847F425D1FCD208700565E0D /* Debug */ = {
			isa = XCBuildConfiguration;
			buildSettings = {
				ALWAYS_EMBED_SWIFT_STANDARD_LIBRARIES = YES;
				BUNDLE_LOADER = "$(TEST_HOST)";
				CODE_SIGN_STYLE = Automatic;
				INFOPLIST_FILE = "Eco-TrackerTests/Info.plist";
				LD_RUNPATH_SEARCH_PATHS = "$(inherited) @executable_path/Frameworks @loader_path/Frameworks";
				PRODUCT_BUNDLE_IDENTIFIER = "com.smilingrobotics.Eco-TrackerTests";
				PRODUCT_NAME = "$(TARGET_NAME)";
				SWIFT_VERSION = 4.0;
				TARGETED_DEVICE_FAMILY = "1,2";
				TEST_HOST = "$(BUILT_PRODUCTS_DIR)/Eco-Tracker.app/Eco-Tracker";
			};
			name = Debug;
		};
		847F425E1FCD208700565E0D /* Release */ = {
			isa = XCBuildConfiguration;
			buildSettings = {
				ALWAYS_EMBED_SWIFT_STANDARD_LIBRARIES = YES;
				BUNDLE_LOADER = "$(TEST_HOST)";
				CODE_SIGN_STYLE = Automatic;
				INFOPLIST_FILE = "Eco-TrackerTests/Info.plist";
				LD_RUNPATH_SEARCH_PATHS = "$(inherited) @executable_path/Frameworks @loader_path/Frameworks";
				PRODUCT_BUNDLE_IDENTIFIER = "com.smilingrobotics.Eco-TrackerTests";
				PRODUCT_NAME = "$(TARGET_NAME)";
				SWIFT_VERSION = 4.0;
				TARGETED_DEVICE_FAMILY = "1,2";
				TEST_HOST = "$(BUILT_PRODUCTS_DIR)/Eco-Tracker.app/Eco-Tracker";
			};
			name = Release;
		};
		847F42601FCD208700565E0D /* Debug */ = {
			isa = XCBuildConfiguration;
			buildSettings = {
				ALWAYS_EMBED_SWIFT_STANDARD_LIBRARIES = YES;
				CODE_SIGN_STYLE = Automatic;
				INFOPLIST_FILE = "Eco-TrackerUITests/Info.plist";
				LD_RUNPATH_SEARCH_PATHS = "$(inherited) @executable_path/Frameworks @loader_path/Frameworks";
				PRODUCT_BUNDLE_IDENTIFIER = "com.smilingrobotics.Eco-TrackerUITests";
				PRODUCT_NAME = "$(TARGET_NAME)";
				SWIFT_VERSION = 4.0;
				TARGETED_DEVICE_FAMILY = "1,2";
				TEST_TARGET_NAME = "Eco-Tracker";
			};
			name = Debug;
		};
		847F42611FCD208700565E0D /* Release */ = {
			isa = XCBuildConfiguration;
			buildSettings = {
				ALWAYS_EMBED_SWIFT_STANDARD_LIBRARIES = YES;
				CODE_SIGN_STYLE = Automatic;
				INFOPLIST_FILE = "Eco-TrackerUITests/Info.plist";
				LD_RUNPATH_SEARCH_PATHS = "$(inherited) @executable_path/Frameworks @loader_path/Frameworks";
				PRODUCT_BUNDLE_IDENTIFIER = "com.smilingrobotics.Eco-TrackerUITests";
				PRODUCT_NAME = "$(TARGET_NAME)";
				SWIFT_VERSION = 4.0;
				TARGETED_DEVICE_FAMILY = "1,2";
				TEST_TARGET_NAME = "Eco-Tracker";
			};
			name = Release;
		};
/* End XCBuildConfiguration section */

/* Begin XCConfigurationList section */
		847F422C1FCD208600565E0D /* Build configuration list for PBXProject "Eco-Tracker" */ = {
			isa = XCConfigurationList;
			buildConfigurations = (
				847F42571FCD208700565E0D /* Debug */,
				847F42581FCD208700565E0D /* Release */,
			);
			defaultConfigurationIsVisible = 0;
			defaultConfigurationName = Release;
		};
		847F42591FCD208700565E0D /* Build configuration list for PBXNativeTarget "Eco-Tracker" */ = {
			isa = XCConfigurationList;
			buildConfigurations = (
				847F425A1FCD208700565E0D /* Debug */,
				847F425B1FCD208700565E0D /* Release */,
			);
			defaultConfigurationIsVisible = 0;
			defaultConfigurationName = Release;
		};
		847F425C1FCD208700565E0D /* Build configuration list for PBXNativeTarget "Eco-TrackerTests" */ = {
			isa = XCConfigurationList;
			buildConfigurations = (
				847F425D1FCD208700565E0D /* Debug */,
				847F425E1FCD208700565E0D /* Release */,
			);
			defaultConfigurationIsVisible = 0;
			defaultConfigurationName = Release;
		};
		847F425F1FCD208700565E0D /* Build configuration list for PBXNativeTarget "Eco-TrackerUITests" */ = {
			isa = XCConfigurationList;
			buildConfigurations = (
				847F42601FCD208700565E0D /* Debug */,
				847F42611FCD208700565E0D /* Release */,
			);
			defaultConfigurationIsVisible = 0;
			defaultConfigurationName = Release;
		};
/* End XCConfigurationList section */
	};
	rootObject = 847F42291FCD208600565E0D /* Project object */;
}
